
Microsoft Visual Studio Solution File, Format Version 12.00
# Visual Studio Version 17
VisualStudioVersion = 17.11.35208.52
MinimumVisualStudioVersion = 10.0.40219.1
Project("{9A19103F-16F7-4668-BE54-9A1E7A4F7556}") = "Sprint4", "Sprint4\Sprint4.csproj", "{D205BDAE-571C-4081-9D28-8FED2ADF42B5}"
EndProject
Project("{2150E333-8FDC-42A3-9474-1A3956D46DE8}") = "src", "src", "{CF53F3D0-B4EF-4145-9D92-2CC2908F0114}"
EndProject
Project("{9A19103F-16F7-4668-BE54-9A1E7A4F7556}") = "Sprint4.Models", "Sprint4.Models\Sprint4.Models.csproj", "{95D12045-C558-434E-9F86-7A5D93EDFFA7}"
EndProject
Project("{9A19103F-16F7-4668-BE54-9A1E7A4F7556}") = "Sprint4.Repository", "Sprint4.Repository\Sprint4.Repository.csproj", "{A7305C27-5E22-4D9E-9F24-774F9BC9BAF3}"
EndProject
Project("{9A19103F-16F7-4668-BE54-9A1E7A4F7556}") = "Sprint4.Database", "Sprint4.Database\Sprint4.Database.csproj", "{01D0EB17-92AB-4BBC-8211-E3F77D7792CF}"
EndProject
Project("{9A19103F-16F7-4668-BE54-9A1E7A4F7556}") = "Sprint4.Services", "Sprint4.Services\Sprint4.Services.csproj", "{15AFC391-2DD9-4282-BBCF-34487618726C}"
EndProject
Project("{2150E333-8FDC-42A3-9474-1A3956D46DE8}") = "testes", "testes", "{606D40E9-A2CD-44E2-A793-0929C78DB79D}"
EndProject
Project("{9A19103F-16F7-4668-BE54-9A1E7A4F7556}") = "Teste", "Teste\Teste.csproj", "{66306192-C4AE-4E78-842A-20B996BC4EB8}"
EndProject
Project("{9A19103F-16F7-4668-BE54-9A1E7A4F7556}") = "MLModel_ConsoleApp", "MLModel_ConsoleApp\MLModel_ConsoleApp.csproj", "{DC756A50-530E-412A-86D1-F4A13AA33C82}"
EndProject
Global
	GlobalSection(SolutionConfigurationPlatforms) = preSolution
		Debug|Any CPU = Debug|Any CPU
		Release|Any CPU = Release|Any CPU
	EndGlobalSection
	GlobalSection(ProjectConfigurationPlatforms) = postSolution
		{D205BDAE-571C-4081-9D28-8FED2ADF42B5}.Debug|Any CPU.ActiveCfg = Debug|Any CPU
		{D205BDAE-571C-4081-9D28-8FED2ADF42B5}.Debug|Any CPU.Build.0 = Debug|Any CPU
		{D205BDAE-571C-4081-9D28-8FED2ADF42B5}.Release|Any CPU.ActiveCfg = Release|Any CPU
		{D205BDAE-571C-4081-9D28-8FED2ADF42B5}.Release|Any CPU.Build.0 = Release|Any CPU
		{95D12045-C558-434E-9F86-7A5D93EDFFA7}.Debug|Any CPU.ActiveCfg = Debug|Any CPU
		{95D12045-C558-434E-9F86-7A5D93EDFFA7}.Debug|Any CPU.Build.0 = Debug|Any CPU
		{95D12045-C558-434E-9F86-7A5D93EDFFA7}.Release|Any CPU.ActiveCfg = Release|Any CPU
		{95D12045-C558-434E-9F86-7A5D93EDFFA7}.Release|Any CPU.Build.0 = Release|Any CPU
		{A7305C27-5E22-4D9E-9F24-774F9BC9BAF3}.Debug|Any CPU.ActiveCfg = Debug|Any CPU
		{A7305C27-5E22-4D9E-9F24-774F9BC9BAF3}.Debug|Any CPU.Build.0 = Debug|Any CPU
		{A7305C27-5E22-4D9E-9F24-774F9BC9BAF3}.Release|Any CPU.ActiveCfg = Release|Any CPU
		{A7305C27-5E22-4D9E-9F24-774F9BC9BAF3}.Release|Any CPU.Build.0 = Release|Any CPU
		{01D0EB17-92AB-4BBC-8211-E3F77D7792CF}.Debug|Any CPU.ActiveCfg = Debug|Any CPU
		{01D0EB17-92AB-4BBC-8211-E3F77D7792CF}.Debug|Any CPU.Build.0 = Debug|Any CPU
		{01D0EB17-92AB-4BBC-8211-E3F77D7792CF}.Release|Any CPU.ActiveCfg = Release|Any CPU
		{01D0EB17-92AB-4BBC-8211-E3F77D7792CF}.Release|Any CPU.Build.0 = Release|Any CPU
		{15AFC391-2DD9-4282-BBCF-34487618726C}.Debug|Any CPU.ActiveCfg = Debug|Any CPU
		{15AFC391-2DD9-4282-BBCF-34487618726C}.Debug|Any CPU.Build.0 = Debug|Any CPU
		{15AFC391-2DD9-4282-BBCF-34487618726C}.Release|Any CPU.ActiveCfg = Release|Any CPU
		{15AFC391-2DD9-4282-BBCF-34487618726C}.Release|Any CPU.Build.0 = Release|Any CPU
		{66306192-C4AE-4E78-842A-20B996BC4EB8}.Debug|Any CPU.ActiveCfg = Debug|Any CPU
		{66306192-C4AE-4E78-842A-20B996BC4EB8}.Debug|Any CPU.Build.0 = Debug|Any CPU
		{66306192-C4AE-4E78-842A-20B996BC4EB8}.Release|Any CPU.ActiveCfg = Release|Any CPU
		{66306192-C4AE-4E78-842A-20B996BC4EB8}.Release|Any CPU.Build.0 = Release|Any CPU
		{DC756A50-530E-412A-86D1-F4A13AA33C82}.Debug|Any CPU.ActiveCfg = Debug|Any CPU
		{DC756A50-530E-412A-86D1-F4A13AA33C82}.Debug|Any CPU.Build.0 = Debug|Any CPU
		{DC756A50-530E-412A-86D1-F4A13AA33C82}.Release|Any CPU.ActiveCfg = Release|Any CPU
		{DC756A50-530E-412A-86D1-F4A13AA33C82}.Release|Any CPU.Build.0 = Release|Any CPU
	EndGlobalSection
	GlobalSection(SolutionProperties) = preSolution
		HideSolutionNode = FALSE
	EndGlobalSection
	GlobalSection(NestedProjects) = preSolution
		{D205BDAE-571C-4081-9D28-8FED2ADF42B5} = {CF53F3D0-B4EF-4145-9D92-2CC2908F0114}
		{95D12045-C558-434E-9F86-7A5D93EDFFA7} = {CF53F3D0-B4EF-4145-9D92-2CC2908F0114}
		{A7305C27-5E22-4D9E-9F24-774F9BC9BAF3} = {CF53F3D0-B4EF-4145-9D92-2CC2908F0114}
		{01D0EB17-92AB-4BBC-8211-E3F77D7792CF} = {CF53F3D0-B4EF-4145-9D92-2CC2908F0114}
		{15AFC391-2DD9-4282-BBCF-34487618726C} = {CF53F3D0-B4EF-4145-9D92-2CC2908F0114}
		{66306192-C4AE-4E78-842A-20B996BC4EB8} = {606D40E9-A2CD-44E2-A793-0929C78DB79D}
		{DC756A50-530E-412A-86D1-F4A13AA33C82} = {CF53F3D0-B4EF-4145-9D92-2CC2908F0114}
	EndGlobalSection
	GlobalSection(ExtensibilityGlobals) = postSolution
		SolutionGuid = {157014F6-781D-4E2E-9F95-8AD15AD6492B}
	EndGlobalSection
EndGlobal
